<?xml version="1.0" encoding="utf-8"?>
<Project ToolsVersion="4.0" xmlns="http://schemas.microsoft.com/developer/msbuild/2003">
  <ItemGroup>
    <Filter Include="Source Files">
      <UniqueIdentifier>{BC57DF0D-2A21-48A9-B4AE-E44A7E9874A6}</UniqueIdentifier>
      <Extensions>cpp;c;cc;cxx</Extensions>
    </Filter>
    <Filter Include="Resource Files">
      <UniqueIdentifier>{A34621DF-B71A-4EAF-AF2E-5661314537E0}</UniqueIdentifier>
      <Extensions>rc;ico;cur;bmp;dlg;rc2;rct;bin;rgs;gif;jpg;jpeg;jpe;resx;tiff;tif;png;wav</Extensions>
    </Filter>
    <Filter Include="Header Files">
      <UniqueIdentifier>{98C32DE0-13C4-4E46-9B7B-D0EBB13E83B4}</UniqueIdentifier>
      <Extensions>h;hpp;hxx;hm;inl;inc;ipp;xsd</Extensions>
    </Filter>
  </ItemGroup>
  <ItemGroup>
    <ClCompile Include="src\main.cpp">
      <Filter>Source Files</Filter>
    </ClCompile>
  </ItemGroup>
  <ItemGroup>
    <ResourceCompile Include="src\app.rc">
      <Filter>Resource Files</Filter>
    </ResourceCompile>
  </ItemGroup>
  <ItemGroup>
    <ClInclude Include="src\resource.h">
      <Filter>Header Files</Filter>
    </ClInclude>
  </ItemGroup>
  <ItemGroup>
    <Image Include="src\assets\app.ico">
      <Filter>Resource Files</Filter>
    </Image>
    <Image Include="src\assets\tray_off.ico">
      <Filter>Resource Files</Filter>
    </Image>
    <Image Include="src\assets\tray_on.ico">
      <Filter>Resource Files</Filter>
    </Image>
  </ItemGroup>
</Project>
